
Microsoft Visual Studio Solution File, Format Version 12.00
# Visual Studio 15
VisualStudioVersion = 15.0.28010.2050
MinimumVisualStudioVersion = 10.0.40219.1
Project("{9A19103F-16F7-4668-BE54-9A1E7A4F7556}") = "DataPoliceUk", "DataPoliceUk\DataPoliceUk.csproj", "{CC0CB43C-A6AA-455A-9E61-551E1BA4178C}"
EndProject
Project("{9A19103F-16F7-4668-BE54-9A1E7A4F7556}") = "DataPoliceUk.API", "DatePoliceUk.API\DataPoliceUk.API.csproj", "{E43EC7D0-CD1A-4133-BFB0-2685045B2EBC}"
EndProject
Project("{9A19103F-16F7-4668-BE54-9A1E7A4F7556}") = "DataPoliceUk.Tests", "DataPoliceUk.Tests\DataPoliceUk.Tests.csproj", "{6ADC2AEB-9059-4FE6-83B1-1A621CC974B9}"
EndProject
Project("{9A19103F-16F7-4668-BE54-9A1E7A4F7556}") = "DataPoliceUk.Website", "DataPoliceUk.Website\DataPoliceUk.Website.csproj", "{4E768316-5EC6-4002-97C0-93A75D13100C}"
EndProject
Project("{FAE04EC0-301F-11D3-BF4B-00C04F79EFBC}") = "DataPoliceUk.AzureMapsWebsite", "DataPoliceUk.AzureMapsWebsite\DataPoliceUk.AzureMapsWebsite.csproj", "{556235EF-F1A1-4A96-A95F-E93ED58FD572}"
EndProject
Global
	GlobalSection(SolutionConfigurationPlatforms) = preSolution
		Debug|Any CPU = Debug|Any CPU
		Release|Any CPU = Release|Any CPU
	EndGlobalSection
	GlobalSection(ProjectConfigurationPlatforms) = postSolution
		{CC0CB43C-A6AA-455A-9E61-551E1BA4178C}.Debug|Any CPU.ActiveCfg = Debug|Any CPU
		{CC0CB43C-A6AA-455A-9E61-551E1BA4178C}.Debug|Any CPU.Build.0 = Debug|Any CPU
		{CC0CB43C-A6AA-455A-9E61-551E1BA4178C}.Release|Any CPU.ActiveCfg = Release|Any CPU
		{CC0CB43C-A6AA-455A-9E61-551E1BA4178C}.Release|Any CPU.Build.0 = Release|Any CPU
		{E43EC7D0-CD1A-4133-BFB0-2685045B2EBC}.Debug|Any CPU.ActiveCfg = Debug|Any CPU
		{E43EC7D0-CD1A-4133-BFB0-2685045B2EBC}.Debug|Any CPU.Build.0 = Debug|Any CPU
		{E43EC7D0-CD1A-4133-BFB0-2685045B2EBC}.Release|Any CPU.ActiveCfg = Release|Any CPU
		{E43EC7D0-CD1A-4133-BFB0-2685045B2EBC}.Release|Any CPU.Build.0 = Release|Any CPU
		{6ADC2AEB-9059-4FE6-83B1-1A621CC974B9}.Debug|Any CPU.ActiveCfg = Debug|Any CPU
		{6ADC2AEB-9059-4FE6-83B1-1A621CC974B9}.Debug|Any CPU.Build.0 = Debug|Any CPU
		{6ADC2AEB-9059-4FE6-83B1-1A621CC974B9}.Release|Any CPU.ActiveCfg = Release|Any CPU
		{6ADC2AEB-9059-4FE6-83B1-1A621CC974B9}.Release|Any CPU.Build.0 = Release|Any CPU
		{4E768316-5EC6-4002-97C0-93A75D13100C}.Debug|Any CPU.ActiveCfg = Debug|Any CPU
		{4E768316-5EC6-4002-97C0-93A75D13100C}.Debug|Any CPU.Build.0 = Debug|Any CPU
		{4E768316-5EC6-4002-97C0-93A75D13100C}.Release|Any CPU.ActiveCfg = Release|Any CPU
		{4E768316-5EC6-4002-97C0-93A75D13100C}.Release|Any CPU.Build.0 = Release|Any CPU
		{556235EF-F1A1-4A96-A95F-E93ED58FD572}.Debug|Any CPU.ActiveCfg = Debug|Any CPU
		{556235EF-F1A1-4A96-A95F-E93ED58FD572}.Debug|Any CPU.Build.0 = Debug|Any CPU
		{556235EF-F1A1-4A96-A95F-E93ED58FD572}.Release|Any CPU.ActiveCfg = Release|Any CPU
		{556235EF-F1A1-4A96-A95F-E93ED58FD572}.Release|Any CPU.Build.0 = Release|Any CPU
	EndGlobalSection
	GlobalSection(SolutionProperties) = preSolution
		HideSolutionNode = FALSE
	EndGlobalSection
	GlobalSection(ExtensibilityGlobals) = postSolution
		SolutionGuid = {8063A06A-8C9E-4B1F-8FD9-0471F6CE3F68}
	EndGlobalSection
EndGlobal
